
Microsoft Visual Studio Solution File, Format Version 12.00
# Visual Studio Version 17
VisualStudioVersion = 17.0.32112.339
MinimumVisualStudioVersion = 10.0.40219.1
Project("{2150E333-8FDC-42A3-9474-1A3956D46DE8}") = "Solution Items", "Solution Items", "{28728CFC-EE7C-4B32-B96B-00666AC6F884}"
	ProjectSection(SolutionItems) = preProject
		src\docker-compose.override.yml = src\docker-compose.override.yml
		src\docker-compose.yml = src\docker-compose.yml
		global.json = global.json
		scratch.md = scratch.md
	EndProjectSection
EndProject
Project("{2150E333-8FDC-42A3-9474-1A3956D46DE8}") = "src", "src", "{E4980FCA-0504-4A9A-BA4F-011D64E11A6B}"
EndProject
Project("{2150E333-8FDC-42A3-9474-1A3956D46DE8}") = "tests", "tests", "{0B284865-1224-483A-BEFB-FB240D4B2124}"
EndProject
Project("{2150E333-8FDC-42A3-9474-1A3956D46DE8}") = "ApiGateways", "ApiGateways", "{501A9589-5400-45D1-887B-21CE4D283338}"
EndProject
Project("{2150E333-8FDC-42A3-9474-1A3956D46DE8}") = "BuildingBlocks", "BuildingBlocks", "{987A636E-9160-4E74-8935-43A12DB292E5}"
EndProject
Project("{2150E333-8FDC-42A3-9474-1A3956D46DE8}") = "Services", "Services", "{35B45433-CD13-4268-BDF8-1B778DC753F7}"
EndProject
Project("{2150E333-8FDC-42A3-9474-1A3956D46DE8}") = "WebApps", "WebApps", "{1C000A26-2145-4FF4-8C38-14545289D1DB}"
EndProject
Project("{9A19103F-16F7-4668-BE54-9A1E7A4F7556}") = "Common.Logging", "src\BuildingBlocks\Common.Logging\Common.Logging.csproj", "{11D25A67-9DD0-4DC8-AA0C-4C140DBFED4F}"
EndProject
Project("{9A19103F-16F7-4668-BE54-9A1E7A4F7556}") = "EventBus.Messages", "src\BuildingBlocks\EventBus.Messages\EventBus.Messages.csproj", "{FD428C59-41E3-4FD9-8CBD-A2B5D640AE39}"
EndProject
Project("{2150E333-8FDC-42A3-9474-1A3956D46DE8}") = "Product", "Product", "{3F62AEF5-F7CB-4F84-BDAF-288072063D37}"
EndProject
Project("{2150E333-8FDC-42A3-9474-1A3956D46DE8}") = "Customer", "Customer", "{FC552DB4-FB49-4362-A65A-30C07C9788D7}"
EndProject
Project("{2150E333-8FDC-42A3-9474-1A3956D46DE8}") = "Ordering", "Ordering", "{F009D160-541E-414F-AC6C-B5985F3A2BFF}"
EndProject
Project("{2150E333-8FDC-42A3-9474-1A3956D46DE8}") = "Basket", "Basket", "{8E2E4136-6B2B-4593-B9F7-CF0EB7622EE2}"
EndProject
Project("{2150E333-8FDC-42A3-9474-1A3956D46DE8}") = "Inventory", "Inventory", "{F4642FDE-93FD-4192-957A-61C0E2B8486B}"
EndProject
Project("{2150E333-8FDC-42A3-9474-1A3956D46DE8}") = "ScheduledJob", "ScheduledJob", "{FDDFD010-DE1E-4C6C-96C0-D19888C8EE98}"
EndProject
Project("{9A19103F-16F7-4668-BE54-9A1E7A4F7556}") = "WebHealthStatus", "src\WebApps\WebHealthStatus\WebHealthStatus.csproj", "{9AE92747-75D7-464C-8957-4D9906221514}"
EndProject
Project("{9A19103F-16F7-4668-BE54-9A1E7A4F7556}") = "Basket.API", "src\Services\Basket.API\Basket.API.csproj", "{BC143FD1-0ADB-4A36-A361-B2813F3A96DF}"
EndProject
Project("{9A19103F-16F7-4668-BE54-9A1E7A4F7556}") = "Customer.API", "src\Services\Customer.API\Customer.API.csproj", "{3C5F9BD1-4763-4A36-8F20-829DEDE8F93E}"
EndProject
Project("{9A19103F-16F7-4668-BE54-9A1E7A4F7556}") = "Inventory.Product.API", "src\Services\Inventory.Product.API\Inventory.Product.API.csproj", "{87AD3EE0-C992-4E6B-9729-1CA2FC3791B9}"
EndProject
Project("{9A19103F-16F7-4668-BE54-9A1E7A4F7556}") = "Ordering.API", "src\Services\Ordering.API\Ordering.API.csproj", "{0C3DB519-BAFE-465F-BD8F-ED2975DEF602}"
EndProject
Project("{9A19103F-16F7-4668-BE54-9A1E7A4F7556}") = "Hangfire.API", "src\Services\Hangfire.API\Hangfire.API.csproj", "{7D24CEA7-0322-466D-8B6F-F15FF03B9C73}"
EndProject
Project("{9A19103F-16F7-4668-BE54-9A1E7A4F7556}") = "Product.API", "src\Services\Product.API\Product.API.csproj", "{D400CD6E-BE12-4A01-84E0-87D338A3A2B3}"
EndProject
Project("{9A19103F-16F7-4668-BE54-9A1E7A4F7556}") = "Contracts", "src\BuildingBlocks\Contracts\Contracts.csproj", "{85620C11-A5A6-43F8-9099-93A4875285A0}"
EndProject
Project("{9A19103F-16F7-4668-BE54-9A1E7A4F7556}") = "Infrastructure", "src\BuildingBlocks\Infrastructure\Infrastructure.csproj", "{3FCE6ABD-13C7-4D49-A87D-E29D1F050FF6}"
EndProject
Project("{9A19103F-16F7-4668-BE54-9A1E7A4F7556}") = "Shared", "src\BuildingBlocks\Shared\Shared.csproj", "{D5249530-C5CD-4C37-8D51-7148E6AD36DD}"
EndProject
Project("{9A19103F-16F7-4668-BE54-9A1E7A4F7556}") = "OcelotApiGw", "src\APIGetways\OcelotApiGw\OcelotApiGw.csproj", "{53EE20EA-3C52-4113-9065-2A97D9BB7678}"
EndProject
Global
	GlobalSection(SolutionConfigurationPlatforms) = preSolution
		Debug|Any CPU = Debug|Any CPU
		Release|Any CPU = Release|Any CPU
	EndGlobalSection
	GlobalSection(ProjectConfigurationPlatforms) = postSolution
		{11D25A67-9DD0-4DC8-AA0C-4C140DBFED4F}.Debug|Any CPU.ActiveCfg = Debug|Any CPU
		{11D25A67-9DD0-4DC8-AA0C-4C140DBFED4F}.Debug|Any CPU.Build.0 = Debug|Any CPU
		{11D25A67-9DD0-4DC8-AA0C-4C140DBFED4F}.Release|Any CPU.ActiveCfg = Release|Any CPU
		{11D25A67-9DD0-4DC8-AA0C-4C140DBFED4F}.Release|Any CPU.Build.0 = Release|Any CPU
		{FD428C59-41E3-4FD9-8CBD-A2B5D640AE39}.Debug|Any CPU.ActiveCfg = Debug|Any CPU
		{FD428C59-41E3-4FD9-8CBD-A2B5D640AE39}.Debug|Any CPU.Build.0 = Debug|Any CPU
		{FD428C59-41E3-4FD9-8CBD-A2B5D640AE39}.Release|Any CPU.ActiveCfg = Release|Any CPU
		{FD428C59-41E3-4FD9-8CBD-A2B5D640AE39}.Release|Any CPU.Build.0 = Release|Any CPU
		{9AE92747-75D7-464C-8957-4D9906221514}.Debug|Any CPU.ActiveCfg = Debug|Any CPU
		{9AE92747-75D7-464C-8957-4D9906221514}.Debug|Any CPU.Build.0 = Debug|Any CPU
		{9AE92747-75D7-464C-8957-4D9906221514}.Release|Any CPU.ActiveCfg = Release|Any CPU
		{9AE92747-75D7-464C-8957-4D9906221514}.Release|Any CPU.Build.0 = Release|Any CPU
		{BC143FD1-0ADB-4A36-A361-B2813F3A96DF}.Debug|Any CPU.ActiveCfg = Debug|Any CPU
		{BC143FD1-0ADB-4A36-A361-B2813F3A96DF}.Debug|Any CPU.Build.0 = Debug|Any CPU
		{BC143FD1-0ADB-4A36-A361-B2813F3A96DF}.Release|Any CPU.ActiveCfg = Release|Any CPU
		{BC143FD1-0ADB-4A36-A361-B2813F3A96DF}.Release|Any CPU.Build.0 = Release|Any CPU
		{3C5F9BD1-4763-4A36-8F20-829DEDE8F93E}.Debug|Any CPU.ActiveCfg = Debug|Any CPU
		{3C5F9BD1-4763-4A36-8F20-829DEDE8F93E}.Debug|Any CPU.Build.0 = Debug|Any CPU
		{3C5F9BD1-4763-4A36-8F20-829DEDE8F93E}.Release|Any CPU.ActiveCfg = Release|Any CPU
		{3C5F9BD1-4763-4A36-8F20-829DEDE8F93E}.Release|Any CPU.Build.0 = Release|Any CPU
		{87AD3EE0-C992-4E6B-9729-1CA2FC3791B9}.Debug|Any CPU.ActiveCfg = Debug|Any CPU
		{87AD3EE0-C992-4E6B-9729-1CA2FC3791B9}.Debug|Any CPU.Build.0 = Debug|Any CPU
		{87AD3EE0-C992-4E6B-9729-1CA2FC3791B9}.Release|Any CPU.ActiveCfg = Release|Any CPU
		{87AD3EE0-C992-4E6B-9729-1CA2FC3791B9}.Release|Any CPU.Build.0 = Release|Any CPU
		{0C3DB519-BAFE-465F-BD8F-ED2975DEF602}.Debug|Any CPU.ActiveCfg = Debug|Any CPU
		{0C3DB519-BAFE-465F-BD8F-ED2975DEF602}.Debug|Any CPU.Build.0 = Debug|Any CPU
		{0C3DB519-BAFE-465F-BD8F-ED2975DEF602}.Release|Any CPU.ActiveCfg = Release|Any CPU
		{0C3DB519-BAFE-465F-BD8F-ED2975DEF602}.Release|Any CPU.Build.0 = Release|Any CPU
		{7D24CEA7-0322-466D-8B6F-F15FF03B9C73}.Debug|Any CPU.ActiveCfg = Debug|Any CPU
		{7D24CEA7-0322-466D-8B6F-F15FF03B9C73}.Debug|Any CPU.Build.0 = Debug|Any CPU
		{7D24CEA7-0322-466D-8B6F-F15FF03B9C73}.Release|Any CPU.ActiveCfg = Release|Any CPU
		{7D24CEA7-0322-466D-8B6F-F15FF03B9C73}.Release|Any CPU.Build.0 = Release|Any CPU
		{D400CD6E-BE12-4A01-84E0-87D338A3A2B3}.Debug|Any CPU.ActiveCfg = Debug|Any CPU
		{D400CD6E-BE12-4A01-84E0-87D338A3A2B3}.Debug|Any CPU.Build.0 = Debug|Any CPU
		{D400CD6E-BE12-4A01-84E0-87D338A3A2B3}.Release|Any CPU.ActiveCfg = Release|Any CPU
		{D400CD6E-BE12-4A01-84E0-87D338A3A2B3}.Release|Any CPU.Build.0 = Release|Any CPU
		{85620C11-A5A6-43F8-9099-93A4875285A0}.Debug|Any CPU.ActiveCfg = Debug|Any CPU
		{85620C11-A5A6-43F8-9099-93A4875285A0}.Debug|Any CPU.Build.0 = Debug|Any CPU
		{85620C11-A5A6-43F8-9099-93A4875285A0}.Release|Any CPU.ActiveCfg = Release|Any CPU
		{85620C11-A5A6-43F8-9099-93A4875285A0}.Release|Any CPU.Build.0 = Release|Any CPU
		{3FCE6ABD-13C7-4D49-A87D-E29D1F050FF6}.Debug|Any CPU.ActiveCfg = Debug|Any CPU
		{3FCE6ABD-13C7-4D49-A87D-E29D1F050FF6}.Debug|Any CPU.Build.0 = Debug|Any CPU
		{3FCE6ABD-13C7-4D49-A87D-E29D1F050FF6}.Release|Any CPU.ActiveCfg = Release|Any CPU
		{3FCE6ABD-13C7-4D49-A87D-E29D1F050FF6}.Release|Any CPU.Build.0 = Release|Any CPU
		{D5249530-C5CD-4C37-8D51-7148E6AD36DD}.Debug|Any CPU.ActiveCfg = Debug|Any CPU
		{D5249530-C5CD-4C37-8D51-7148E6AD36DD}.Debug|Any CPU.Build.0 = Debug|Any CPU
		{D5249530-C5CD-4C37-8D51-7148E6AD36DD}.Release|Any CPU.ActiveCfg = Release|Any CPU
		{D5249530-C5CD-4C37-8D51-7148E6AD36DD}.Release|Any CPU.Build.0 = Release|Any CPU
		{53EE20EA-3C52-4113-9065-2A97D9BB7678}.Debug|Any CPU.ActiveCfg = Debug|Any CPU
		{53EE20EA-3C52-4113-9065-2A97D9BB7678}.Debug|Any CPU.Build.0 = Debug|Any CPU
		{53EE20EA-3C52-4113-9065-2A97D9BB7678}.Release|Any CPU.ActiveCfg = Release|Any CPU
		{53EE20EA-3C52-4113-9065-2A97D9BB7678}.Release|Any CPU.Build.0 = Release|Any CPU
	EndGlobalSection
	GlobalSection(SolutionProperties) = preSolution
		HideSolutionNode = FALSE
	EndGlobalSection
	GlobalSection(NestedProjects) = preSolution
		{501A9589-5400-45D1-887B-21CE4D283338} = {E4980FCA-0504-4A9A-BA4F-011D64E11A6B}
		{987A636E-9160-4E74-8935-43A12DB292E5} = {E4980FCA-0504-4A9A-BA4F-011D64E11A6B}
		{35B45433-CD13-4268-BDF8-1B778DC753F7} = {E4980FCA-0504-4A9A-BA4F-011D64E11A6B}
		{1C000A26-2145-4FF4-8C38-14545289D1DB} = {E4980FCA-0504-4A9A-BA4F-011D64E11A6B}
		{11D25A67-9DD0-4DC8-AA0C-4C140DBFED4F} = {987A636E-9160-4E74-8935-43A12DB292E5}
		{FD428C59-41E3-4FD9-8CBD-A2B5D640AE39} = {987A636E-9160-4E74-8935-43A12DB292E5}
		{3F62AEF5-F7CB-4F84-BDAF-288072063D37} = {35B45433-CD13-4268-BDF8-1B778DC753F7}
		{FC552DB4-FB49-4362-A65A-30C07C9788D7} = {35B45433-CD13-4268-BDF8-1B778DC753F7}
		{F009D160-541E-414F-AC6C-B5985F3A2BFF} = {35B45433-CD13-4268-BDF8-1B778DC753F7}
		{8E2E4136-6B2B-4593-B9F7-CF0EB7622EE2} = {35B45433-CD13-4268-BDF8-1B778DC753F7}
		{F4642FDE-93FD-4192-957A-61C0E2B8486B} = {35B45433-CD13-4268-BDF8-1B778DC753F7}
		{FDDFD010-DE1E-4C6C-96C0-D19888C8EE98} = {35B45433-CD13-4268-BDF8-1B778DC753F7}
		{9AE92747-75D7-464C-8957-4D9906221514} = {1C000A26-2145-4FF4-8C38-14545289D1DB}
		{BC143FD1-0ADB-4A36-A361-B2813F3A96DF} = {8E2E4136-6B2B-4593-B9F7-CF0EB7622EE2}
		{3C5F9BD1-4763-4A36-8F20-829DEDE8F93E} = {FC552DB4-FB49-4362-A65A-30C07C9788D7}
		{87AD3EE0-C992-4E6B-9729-1CA2FC3791B9} = {F4642FDE-93FD-4192-957A-61C0E2B8486B}
		{0C3DB519-BAFE-465F-BD8F-ED2975DEF602} = {F009D160-541E-414F-AC6C-B5985F3A2BFF}
		{7D24CEA7-0322-466D-8B6F-F15FF03B9C73} = {FDDFD010-DE1E-4C6C-96C0-D19888C8EE98}
		{D400CD6E-BE12-4A01-84E0-87D338A3A2B3} = {3F62AEF5-F7CB-4F84-BDAF-288072063D37}
		{85620C11-A5A6-43F8-9099-93A4875285A0} = {987A636E-9160-4E74-8935-43A12DB292E5}
		{3FCE6ABD-13C7-4D49-A87D-E29D1F050FF6} = {987A636E-9160-4E74-8935-43A12DB292E5}
		{D5249530-C5CD-4C37-8D51-7148E6AD36DD} = {987A636E-9160-4E74-8935-43A12DB292E5}
		{53EE20EA-3C52-4113-9065-2A97D9BB7678} = {501A9589-5400-45D1-887B-21CE4D283338}
	EndGlobalSection
	GlobalSection(ExtensibilityGlobals) = postSolution
		SolutionGuid = {790F9BA8-B431-4E24-9B40-ADAE40D37535}
	EndGlobalSection
EndGlobal
